
Microsoft Visual Studio Solution File, Format Version 12.00
# Visual Studio Version 16
VisualStudioVersion = 16.0.30204.135
MinimumVisualStudioVersion = 10.0.40219.1
Project("{9A19103F-16F7-4668-BE54-9A1E7A4F7556}") = "Mono.Nat.Console", "Mono.Nat.Console\Mono.Nat.Console.csproj", "{99884674-92C5-421F-8854-4EB46A8444D8}"
EndProject
Project("{9A19103F-16F7-4668-BE54-9A1E7A4F7556}") = "Mono.Nat", "Mono.Nat\Mono.Nat.csproj", "{86621E85-B2E0-4740-B2D9-C2B2793072DC}"
EndProject
Project("{2150E333-8FDC-42A3-9474-1A3956D46DE8}") = "Solution Items", "Solution Items", "{79A6F778-5E92-459D-82C1-37D81512267B}"
	ProjectSection(SolutionItems) = preProject
		.editorconfig = .editorconfig
		Directory.Build.props = Directory.Build.props
	EndProjectSection
EndProject
Project("{9A19103F-16F7-4668-BE54-9A1E7A4F7556}") = "Mono.Nat.Tests", "Mono.Nat.Tests\Mono.Nat.Tests.csproj", "{0BE76A07-AB9D-48BE-A1DB-A5BF3F797C42}"
EndProject
Global
	GlobalSection(SolutionConfigurationPlatforms) = preSolution
		Debug|Any CPU = Debug|Any CPU
		Release|Any CPU = Release|Any CPU
	EndGlobalSection
	GlobalSection(ProjectConfigurationPlatforms) = postSolution
		{86621E85-B2E0-4740-B2D9-C2B2793072DC}.Debug|Any CPU.ActiveCfg = Debug|Any CPU
		{86621E85-B2E0-4740-B2D9-C2B2793072DC}.Debug|Any CPU.Build.0 = Debug|Any CPU
		{86621E85-B2E0-4740-B2D9-C2B2793072DC}.Release|Any CPU.ActiveCfg = Release|Any CPU
		{86621E85-B2E0-4740-B2D9-C2B2793072DC}.Release|Any CPU.Build.0 = Release|Any CPU
		{99884674-92C5-421F-8854-4EB46A8444D8}.Debug|Any CPU.ActiveCfg = Debug|Any CPU
		{99884674-92C5-421F-8854-4EB46A8444D8}.Debug|Any CPU.Build.0 = Debug|Any CPU
		{99884674-92C5-421F-8854-4EB46A8444D8}.Release|Any CPU.ActiveCfg = Release|Any CPU
		{99884674-92C5-421F-8854-4EB46A8444D8}.Release|Any CPU.Build.0 = Release|Any CPU
		{0BE76A07-AB9D-48BE-A1DB-A5BF3F797C42}.Debug|Any CPU.ActiveCfg = Debug|Any CPU
		{0BE76A07-AB9D-48BE-A1DB-A5BF3F797C42}.Debug|Any CPU.Build.0 = Debug|Any CPU
		{0BE76A07-AB9D-48BE-A1DB-A5BF3F797C42}.Release|Any CPU.ActiveCfg = Release|Any CPU
		{0BE76A07-AB9D-48BE-A1DB-A5BF3F797C42}.Release|Any CPU.Build.0 = Release|Any CPU
	EndGlobalSection
	GlobalSection(SolutionProperties) = preSolution
		HideSolutionNode = FALSE
	EndGlobalSection
	GlobalSection(ExtensibilityGlobals) = postSolution
		SolutionGuid = {1D4DA68B-1431-4FC6-929D-012A272FB91F}
	EndGlobalSection
	GlobalSection(MonoDevelopProperties) = preSolution
		StartupItem = Mono.Nat\Mono.Nat.csproj
		name = Mono.Nat
	EndGlobalSection
EndGlobal
